
Microsoft Visual Studio Solution File, Format Version 12.00
# Visual Studio Version 16
VisualStudioVersion = 16.0.30907.101
MinimumVisualStudioVersion = 10.0.40219.1
Project("{FAE04EC0-301F-11D3-BF4B-00C04F79EFBC}") = "DataAccess", "DataAccess\DataAccess.csproj", "{0FA0CCA6-1A96-4B95-B40A-3148CD36642F}"
EndProject
Project("{FAE04EC0-301F-11D3-BF4B-00C04F79EFBC}") = "Business", "Business\Business.csproj", "{452090E3-30D7-4058-9A76-44E5147D5CC4}"
EndProject
Project("{FAE04EC0-301F-11D3-BF4B-00C04F79EFBC}") = "Entities", "Entities\Entities.csproj", "{7124E950-1058-4A52-8396-643852240F0A}"
EndProject
Project("{FAE04EC0-301F-11D3-BF4B-00C04F79EFBC}") = "ConsoleUI", "ConsoleUI\ConsoleUI.csproj", "{324B19DF-60BD-41A5-A14A-11F4E710A4FA}"
EndProject
Global
	GlobalSection(SolutionConfigurationPlatforms) = preSolution
		Debug|Any CPU = Debug|Any CPU
		Release|Any CPU = Release|Any CPU
	EndGlobalSection
	GlobalSection(ProjectConfigurationPlatforms) = postSolution
		{0FA0CCA6-1A96-4B95-B40A-3148CD36642F}.Debug|Any CPU.ActiveCfg = Debug|Any CPU
		{0FA0CCA6-1A96-4B95-B40A-3148CD36642F}.Debug|Any CPU.Build.0 = Debug|Any CPU
		{0FA0CCA6-1A96-4B95-B40A-3148CD36642F}.Release|Any CPU.ActiveCfg = Release|Any CPU
		{0FA0CCA6-1A96-4B95-B40A-3148CD36642F}.Release|Any CPU.Build.0 = Release|Any CPU
		{452090E3-30D7-4058-9A76-44E5147D5CC4}.Debug|Any CPU.ActiveCfg = Debug|Any CPU
		{452090E3-30D7-4058-9A76-44E5147D5CC4}.Debug|Any CPU.Build.0 = Debug|Any CPU
		{452090E3-30D7-4058-9A76-44E5147D5CC4}.Release|Any CPU.ActiveCfg = Release|Any CPU
		{452090E3-30D7-4058-9A76-44E5147D5CC4}.Release|Any CPU.Build.0 = Release|Any CPU
		{7124E950-1058-4A52-8396-643852240F0A}.Debug|Any CPU.ActiveCfg = Debug|Any CPU
		{7124E950-1058-4A52-8396-643852240F0A}.Debug|Any CPU.Build.0 = Debug|Any CPU
		{7124E950-1058-4A52-8396-643852240F0A}.Release|Any CPU.ActiveCfg = Release|Any CPU
		{7124E950-1058-4A52-8396-643852240F0A}.Release|Any CPU.Build.0 = Release|Any CPU
		{324B19DF-60BD-41A5-A14A-11F4E710A4FA}.Debug|Any CPU.ActiveCfg = Debug|Any CPU
		{324B19DF-60BD-41A5-A14A-11F4E710A4FA}.Debug|Any CPU.Build.0 = Debug|Any CPU
		{324B19DF-60BD-41A5-A14A-11F4E710A4FA}.Release|Any CPU.ActiveCfg = Release|Any CPU
		{324B19DF-60BD-41A5-A14A-11F4E710A4FA}.Release|Any CPU.Build.0 = Release|Any CPU
	EndGlobalSection
	GlobalSection(SolutionProperties) = preSolution
		HideSolutionNode = FALSE
	EndGlobalSection
	GlobalSection(ExtensibilityGlobals) = postSolution
		SolutionGuid = {0162E6A4-2B8D-4949-85B9-B609DD09DA27}
	EndGlobalSection
EndGlobal
